
Microsoft Visual Studio Solution File, Format Version 12.00
# Visual Studio Version 17
VisualStudioVersion = 17.4.33213.308
MinimumVisualStudioVersion = 10.0.40219.1
Project("{9A19103F-16F7-4668-BE54-9A1E7A4F7556}") = "HetDepot", "HetDepot\HetDepot.csproj", "{6D92DAEC-0FB8-44C2-9F34-5B877D80D9DC}"
EndProject
Project("{2150E333-8FDC-42A3-9474-1A3956D46DE8}") = "Repository", "Repository", "{7F1A92F3-5E5C-4599-A9F0-ED79607BEC69}"
EndProject
Project("{9A19103F-16F7-4668-BE54-9A1E7A4F7556}") = "DatabaseSql", "DatabaseSql\DatabaseSql.csproj", "{543C5641-ACDB-4C87-B3C8-1D6D33F33CDB}"
EndProject
Project("{9A19103F-16F7-4668-BE54-9A1E7A4F7556}") = "TestKevin", "TestKevin\TestKevin.csproj", "{CD1B7CAB-EBA3-4A28-9C52-1967C3D0C769}"
EndProject
Project("{2150E333-8FDC-42A3-9474-1A3956D46DE8}") = "Service", "Service", "{8EA568FD-6523-4937-A4E3-1A25339F0927}"
EndProject
Project("{9A19103F-16F7-4668-BE54-9A1E7A4F7556}") = "Service.FileReader", "Service.FileReader\Service.FileReader.csproj", "{49267C52-AB8B-4B29-A144-352C376C8A04}"
EndProject
Project("{2150E333-8FDC-42A3-9474-1A3956D46DE8}") = "ExampleFiles", "ExampleFiles", "{123BB750-D1F3-4DE0-BDC1-3BF3983C5BF1}"
	ProjectSection(SolutionItems) = preProject
		BoughtTickets.json = BoughtTickets.json
		Personnel.json = Personnel.json
	EndProjectSection
EndProject
Project("{9A19103F-16F7-4668-BE54-9A1E7A4F7556}") = "Service.DepotObjectMapper", "Service.DepotObjectMapper\Service.DepotObjectMapper.csproj", "{3253EF84-492B-4732-BC7F-249DDCBA5DE5}"
EndProject
Project("{2150E333-8FDC-42A3-9474-1A3956D46DE8}") = "Cache", "Cache", "{951C4BFD-FCF6-423F-A6CE-71998D41457E}"
EndProject
Project("{FAE04EC0-301F-11D3-BF4B-00C04F79EFBC}") = "Caching", "Caching\Caching.csproj", "{765F3588-B5D7-426E-9A7C-9D33C7D7FABD}"
EndProject
Global
	GlobalSection(SolutionConfigurationPlatforms) = preSolution
		Debug|Any CPU = Debug|Any CPU
		Release|Any CPU = Release|Any CPU
	EndGlobalSection
	GlobalSection(ProjectConfigurationPlatforms) = postSolution
		{6D92DAEC-0FB8-44C2-9F34-5B877D80D9DC}.Debug|Any CPU.ActiveCfg = Debug|Any CPU
		{6D92DAEC-0FB8-44C2-9F34-5B877D80D9DC}.Debug|Any CPU.Build.0 = Debug|Any CPU
		{6D92DAEC-0FB8-44C2-9F34-5B877D80D9DC}.Release|Any CPU.ActiveCfg = Release|Any CPU
		{6D92DAEC-0FB8-44C2-9F34-5B877D80D9DC}.Release|Any CPU.Build.0 = Release|Any CPU
		{543C5641-ACDB-4C87-B3C8-1D6D33F33CDB}.Debug|Any CPU.ActiveCfg = Debug|Any CPU
		{543C5641-ACDB-4C87-B3C8-1D6D33F33CDB}.Debug|Any CPU.Build.0 = Debug|Any CPU
		{543C5641-ACDB-4C87-B3C8-1D6D33F33CDB}.Release|Any CPU.ActiveCfg = Release|Any CPU
		{543C5641-ACDB-4C87-B3C8-1D6D33F33CDB}.Release|Any CPU.Build.0 = Release|Any CPU
		{CD1B7CAB-EBA3-4A28-9C52-1967C3D0C769}.Debug|Any CPU.ActiveCfg = Debug|Any CPU
		{CD1B7CAB-EBA3-4A28-9C52-1967C3D0C769}.Debug|Any CPU.Build.0 = Debug|Any CPU
		{CD1B7CAB-EBA3-4A28-9C52-1967C3D0C769}.Release|Any CPU.ActiveCfg = Release|Any CPU
		{CD1B7CAB-EBA3-4A28-9C52-1967C3D0C769}.Release|Any CPU.Build.0 = Release|Any CPU
		{49267C52-AB8B-4B29-A144-352C376C8A04}.Debug|Any CPU.ActiveCfg = Debug|Any CPU
		{49267C52-AB8B-4B29-A144-352C376C8A04}.Debug|Any CPU.Build.0 = Debug|Any CPU
		{49267C52-AB8B-4B29-A144-352C376C8A04}.Release|Any CPU.ActiveCfg = Release|Any CPU
		{49267C52-AB8B-4B29-A144-352C376C8A04}.Release|Any CPU.Build.0 = Release|Any CPU
		{3253EF84-492B-4732-BC7F-249DDCBA5DE5}.Debug|Any CPU.ActiveCfg = Debug|Any CPU
		{3253EF84-492B-4732-BC7F-249DDCBA5DE5}.Debug|Any CPU.Build.0 = Debug|Any CPU
		{3253EF84-492B-4732-BC7F-249DDCBA5DE5}.Release|Any CPU.ActiveCfg = Release|Any CPU
		{3253EF84-492B-4732-BC7F-249DDCBA5DE5}.Release|Any CPU.Build.0 = Release|Any CPU
		{765F3588-B5D7-426E-9A7C-9D33C7D7FABD}.Debug|Any CPU.ActiveCfg = Debug|Any CPU
		{765F3588-B5D7-426E-9A7C-9D33C7D7FABD}.Debug|Any CPU.Build.0 = Debug|Any CPU
		{765F3588-B5D7-426E-9A7C-9D33C7D7FABD}.Release|Any CPU.ActiveCfg = Release|Any CPU
		{765F3588-B5D7-426E-9A7C-9D33C7D7FABD}.Release|Any CPU.Build.0 = Release|Any CPU
	EndGlobalSection
	GlobalSection(SolutionProperties) = preSolution
		HideSolutionNode = FALSE
	EndGlobalSection
	GlobalSection(NestedProjects) = preSolution
		{543C5641-ACDB-4C87-B3C8-1D6D33F33CDB} = {7F1A92F3-5E5C-4599-A9F0-ED79607BEC69}
		{49267C52-AB8B-4B29-A144-352C376C8A04} = {8EA568FD-6523-4937-A4E3-1A25339F0927}
		{3253EF84-492B-4732-BC7F-249DDCBA5DE5} = {8EA568FD-6523-4937-A4E3-1A25339F0927}
		{765F3588-B5D7-426E-9A7C-9D33C7D7FABD} = {951C4BFD-FCF6-423F-A6CE-71998D41457E}
	EndGlobalSection
	GlobalSection(ExtensibilityGlobals) = postSolution
		SolutionGuid = {B75558AB-236A-4968-9220-0A8F079F0927}
	EndGlobalSection
EndGlobal
