
Microsoft Visual Studio Solution File, Format Version 12.00
# Visual Studio Version 17
VisualStudioVersion = 17.4.33213.308
MinimumVisualStudioVersion = 10.0.40219.1
Project("{FAE04EC0-301F-11D3-BF4B-00C04F79EFBC}") = "HetDepot", "HetDepot\HetDepot.csproj", "{6D92DAEC-0FB8-44C2-9F34-5B877D80D9DC}"
EndProject
Global
	GlobalSection(SolutionConfigurationPlatforms) = preSolution
		Debug|Any CPU = Debug|Any CPU
		Release|Any CPU = Release|Any CPU
	EndGlobalSection
	GlobalSection(ProjectConfigurationPlatforms) = postSolution
		{6D92DAEC-0FB8-44C2-9F34-5B877D80D9DC}.Debug|Any CPU.ActiveCfg = Debug|Any CPU
		{6D92DAEC-0FB8-44C2-9F34-5B877D80D9DC}.Debug|Any CPU.Build.0 = Debug|Any CPU
		{6D92DAEC-0FB8-44C2-9F34-5B877D80D9DC}.Release|Any CPU.ActiveCfg = Release|Any CPU
		{6D92DAEC-0FB8-44C2-9F34-5B877D80D9DC}.Release|Any CPU.Build.0 = Release|Any CPU
	EndGlobalSection
	GlobalSection(SolutionProperties) = preSolution
		HideSolutionNode = FALSE
	EndGlobalSection
	GlobalSection(ExtensibilityGlobals) = postSolution
		SolutionGuid = {B75558AB-236A-4968-9220-0A8F079F0927}
	EndGlobalSection
EndGlobal
